# Generated by buf. DO NOT EDIT.
version: v1
deps:
  - remote: buf.build
    owner: googleapis
    repository: googleapis
    commit: 61b203b9a9164be9a834f58c37be6f62
    digest: shake256:e619113001d6e284ee8a92b1561e5d4ea89a47b28bf0410815cb2fa23914df8be9f1a6a98dcf069f5bc2d829a2cfb1ac614863be45cd4f8a5ad8606c5f200224
